# This file is automatically @generated by Poetry and should not be changed by hand.

[[package]]
name = "pycurl"
version = "7.45.2"
description = "PycURL -- A Python Interface To The cURL library"
category = "main"
optional = false
python-versions = ">=3.5"
files = [
    {file = "pycurl-7.45.2.tar.gz", hash = "sha256:5730590be0271364a5bddd9e245c9cc0fb710c4cbacbdd95264a3122d23224ca"},
]

[metadata]
lock-version = "2.0"
python-versions = "^3.7"
content-hash = "8ce9681a79162d9fb9de9f78835f924157d5a65ba1f604a26217bfb55f9170d2"
